<Solution>
  <Folder Name="/src/">
    <Project Path="src/ScreenTimeTracker.ApplicationLayer/ScreenTimeTracker.ApplicationLayer.csproj" />
    <Project Path="src/ScreenTimeTracker.Desktop/ScreenTimeTracker.Desktop.csproj" />
    <Project Path="src/ScreenTimeTracker.DomainLayer/ScreenTimeTracker.DomainLayer.csproj" />
    <Project Path="src/ScreenTimeTracker.Infrastructure/ScreenTimeTracker.Infrastructure.csproj" />
  </Folder>
</Solution>
